dependencies:
  idf:
    component_hash: null
    source:
      type: idf
    version: 5.0.0
  liux-pro/merge:
    component_hash: 157a7a1a24aa135836c6571110436622cadd11758aa76d7dac511a8719434961
    source:
      service_url: https://api.components.espressif.com/
      type: service
    version: 0.0.2
manifest_hash: cb5c2be374832ef2be1b27d162ebd3c52a025ef286b784ea6811b3ae9ddd1f52
target: esp32s3
version: 1.0.0
